<?xml version="1.0" encoding="utf-8"?>
<Project ToolsVersion="4.0" xmlns="http://schemas.microsoft.com/developer/msbuild/2003">
  <ItemGroup>
    <ClCompile Include="Math.cpp">
      <Filter>Engine\Math</Filter>
    </ClCompile>
    <ClCompile Include="RandomGenerator.cpp">
      <Filter>Engine\Math</Filter>
    </ClCompile>
    <ClCompile Include="Texture.cpp">
      <Filter>Engine\System\System\Asset</Filter>
    </ClCompile>
    <ClCompile Include="TextureManager.cpp">
      <Filter>Engine\System\System\Asset</Filter>
    </ClCompile>
    <ClCompile Include="Component.cpp">
      <Filter>Engine\Component</Filter>
    </ClCompile>
    <ClCompile Include="SpriteRenderer.cpp">
      <Filter>Engine\Component\Renderer\SpriteRenderer</Filter>
    </ClCompile>
    <ClCompile Include="TextRenderer.cpp">
      <Filter>Engine\Component\Renderer\TextRenderer</Filter>
    </ClCompile>
    <ClCompile Include="AnimationRenderer.cpp">
      <Filter>Engine\Component\Renderer\AnimationRenderer</Filter>
    </ClCompile>
    <ClCompile Include="AABBCollider.cpp">
      <Filter>Engine\Component\Collider\AABB</Filter>
    </ClCompile>
    <ClCompile Include="Graphics.cpp">
      <Filter>Engine\System\System\Graphics</Filter>
    </ClCompile>
    <ClCompile Include="Input.cpp">
      <Filter>Engine\System\System\Input</Filter>
    </ClCompile>
    <ClCompile Include="Window.cpp">
      <Filter>Engine\System\System\Window</Filter>
    </ClCompile>
    <ClCompile Include="Settings.cpp">
      <Filter>Engine\System\System\Settings</Filter>
    </ClCompile>
    <ClCompile Include="SceneManager.cpp">
      <Filter>Engine\System\System\SceneManager</Filter>
    </ClCompile>
    <ClCompile Include="App.cpp">
      <Filter>Engine\System\App</Filter>
    </ClCompile>
    <ClCompile Include="Camera.cpp">
      <Filter>Engine\Scene\Camera</Filter>
    </ClCompile>
    <ClCompile Include="Scene.cpp">
      <Filter>Engine\Scene\Scene</Filter>
    </ClCompile>
    <ClCompile Include="Entity.cpp">
      <Filter>Engine\Entity</Filter>
    </ClCompile>
    <ClCompile Include="main.cpp">
      <Filter>Engine\_ProgramEntry</Filter>
    </ClCompile>
    <ClCompile Include="pch.cpp">
      <Filter>Engine\_PCH</Filter>
    </ClCompile>
    <ClCompile Include="Timer.cpp">
      <Filter>Engine\System\System\Timer</Filter>
    </ClCompile>
    <ClCompile Include="KeyListener.cpp">
      <Filter>Engine\Listener</Filter>
    </ClCompile>
    <ClCompile Include="MouseListener.cpp">
      <Filter>Engine\Listener</Filter>
    </ClCompile>
    <ClCompile Include="Effect.cpp">
      <Filter>Engine\Component\Effect</Filter>
    </ClCompile>
    <ClCompile Include="EffectInfo.cpp">
      <Filter>Engine\Component\Effect</Filter>
    </ClCompile>
    <ClCompile Include="CircleCollider.cpp">
      <Filter>Engine\Component\Collider\Circle</Filter>
    </ClCompile>
    <ClCompile Include="Collider.cpp">
      <Filter>Engine\Component\Collider</Filter>
    </ClCompile>
    <ClCompile Include="RigidBody.cpp">
      <Filter>Engine\Component\RigidBody</Filter>
    </ClCompile>
    <ClCompile Include="SoundManager.cpp">
      <Filter>Engine\System\System\Asset</Filter>
    </ClCompile>
    <ClCompile Include="UI.cpp">
      <Filter>Engine\Component\UI</Filter>
    </ClCompile>
    <ClCompile Include="player.cpp">
      <Filter>Game\Entity\player</Filter>
    </ClCompile>
    <ClCompile Include="MoveState.cpp">
      <Filter>Game\Entity\player\moveState</Filter>
    </ClCompile>
    <ClCompile Include="Stage1.cpp">
      <Filter>Game\Scenes\Stage1</Filter>
    </ClCompile>
    <ClCompile Include="block.cpp">
      <Filter>Game\Entity\Blocks\Block\block</Filter>
    </ClCompile>
    <ClCompile Include="moveableBlock.cpp">
      <Filter>Game\Entity\Blocks\Block\moveableBlock</Filter>
    </ClCompile>
    <ClCompile Include="movingBlock.cpp">
      <Filter>Game\Entity\Blocks\Block\movingBlock</Filter>
    </ClCompile>
    <ClCompile Include="foothold.cpp">
      <Filter>Game\Entity\Blocks\Block\switchs\foothold</Filter>
    </ClCompile>
    <ClCompile Include="door.cpp">
      <Filter>Game\Entity\Blocks\Block\door</Filter>
    </ClCompile>
    <ClCompile Include="lever.cpp">
      <Filter>Game\Entity\Blocks\Block\switchs\lever</Filter>
    </ClCompile>
    <ClCompile Include="jumper.cpp">
      <Filter>Game\Entity\Blocks\Block\jumper</Filter>
    </ClCompile>
    <ClCompile Include="Stage.cpp">
      <Filter>Game\Scenes\Stage</Filter>
    </ClCompile>
    <ClCompile Include="fan.cpp">
      <Filter>Game\Entity\Blocks\Block\fan</Filter>
    </ClCompile>
    <ClCompile Include="button.cpp">
      <Filter>Game\Entity\Blocks\Block\switchs\button</Filter>
    </ClCompile>
    <ClCompile Include="portal.cpp">
      <Filter>Game\Entity\Blocks\Block\portal</Filter>
    </ClCompile>
    <ClCompile Include="wind.cpp">
      <Filter>Game\Entity\Particles\wind</Filter>
    </ClCompile>
    <ClCompile Include="Particle.cpp">
      <Filter>Engine\Component\Particle</Filter>
    </ClCompile>
    <ClCompile Include="blue.cpp">
      <Filter>Game\Entity\blue</Filter>
    </ClCompile>
    <ClCompile Include="End.cpp">
      <Filter>Game\Scenes\End</Filter>
    </ClCompile>
    <ClCompile Include="breakedBlock.cpp">
      <Filter>Game\Entity\Particles\breakedBlock</Filter>
    </ClCompile>
    <ClCompile Include="Stage2.cpp">
      <Filter>Game\Scenes\Stage2</Filter>
    </ClCompile>
    <ClCompile Include="Stage3.cpp">
      <Filter>Game\Scenes\Stage3</Filter>
    </ClCompile>
    <ClCompile Include="Stage4.cpp">
      <Filter>Game\Scenes\Stage4</Filter>
    </ClCompile>
    <ClCompile Include="StartButton.cpp">
      <Filter>Game\UIs\StartButton</Filter>
    </ClCompile>
    <ClCompile Include="EndButton.cpp">
      <Filter>Game\UIs\EndButton</Filter>
    </ClCompile>
    <ClCompile Include="Mainmenu.cpp">
      <Filter>Game\Scenes\Mainmenu</Filter>
    </ClCompile>
    <ClCompile Include="Intro.cpp">
      <Filter>Game\Scenes\Intro</Filter>
    </ClCompile>
    <ClCompile Include="emblemParticle.cpp">
      <Filter>Game\Entity\Particles\emblemParticle</Filter>
    </ClCompile>
  </ItemGroup>
  <ItemGroup>
    <ClInclude Include="Math.h">
      <Filter>Engine\Math</Filter>
    </ClInclude>
    <ClInclude Include="RandomGenerator.h">
      <Filter>Engine\Math</Filter>
    </ClInclude>
    <ClInclude Include="Math.inl">
      <Filter>Engine\Math</Filter>
    </ClInclude>
    <ClInclude Include="Texture.h">
      <Filter>Engine\System\System\Asset</Filter>
    </ClInclude>
    <ClInclude Include="TextureManager.h">
      <Filter>Engine\System\System\Asset</Filter>
    </ClInclude>
    <ClInclude Include="Component.h">
      <Filter>Engine\Component</Filter>
    </ClInclude>
    <ClInclude Include="Renderer.h">
      <Filter>Engine\Component\Renderer</Filter>
    </ClInclude>
    <ClInclude Include="SpriteRenderer.h">
      <Filter>Engine\Component\Renderer\SpriteRenderer</Filter>
    </ClInclude>
    <ClInclude Include="TextRenderer.h">
      <Filter>Engine\Component\Renderer\TextRenderer</Filter>
    </ClInclude>
    <ClInclude Include="AnimationRenderer.h">
      <Filter>Engine\Component\Renderer\AnimationRenderer</Filter>
    </ClInclude>
    <ClInclude Include="AABBCollider.h">
      <Filter>Engine\Component\Collider\AABB</Filter>
    </ClInclude>
    <ClInclude Include="Graphics.h">
      <Filter>Engine\System\System\Graphics</Filter>
    </ClInclude>
    <ClInclude Include="Input.h">
      <Filter>Engine\System\System\Input</Filter>
    </ClInclude>
    <ClInclude Include="Window.h">
      <Filter>Engine\System\System\Window</Filter>
    </ClInclude>
    <ClInclude Include="Settings.h">
      <Filter>Engine\System\System\Settings</Filter>
    </ClInclude>
    <ClInclude Include="SceneManager.h">
      <Filter>Engine\System\System\SceneManager</Filter>
    </ClInclude>
    <ClInclude Include="App.h">
      <Filter>Engine\System\App</Filter>
    </ClInclude>
    <ClInclude Include="Camera.h">
      <Filter>Engine\Scene\Camera</Filter>
    </ClInclude>
    <ClInclude Include="Scene.h">
      <Filter>Engine\Scene\Scene</Filter>
    </ClInclude>
    <ClInclude Include="Entity.h">
      <Filter>Engine\Entity</Filter>
    </ClInclude>
    <ClInclude Include="Singleton.h">
      <Filter>Engine\Singleton</Filter>
    </ClInclude>
    <ClInclude Include="pch.h">
      <Filter>Engine\_PCH</Filter>
    </ClInclude>
    <ClInclude Include="Timer.h">
      <Filter>Engine\System\System\Timer</Filter>
    </ClInclude>
    <ClInclude Include="KeyListener.h">
      <Filter>Engine\Listener</Filter>
    </ClInclude>
    <ClInclude Include="MouseListener.h">
      <Filter>Engine\Listener</Filter>
    </ClInclude>
    <ClInclude Include="KeyCode.h">
      <Filter>Engine\System\System\Input</Filter>
    </ClInclude>
    <ClInclude Include="EffectType.h">
      <Filter>Engine\System\System\Graphics</Filter>
    </ClInclude>
    <ClInclude Include="Effect.h">
      <Filter>Engine\Component\Effect</Filter>
    </ClInclude>
    <ClInclude Include="Collider.h">
      <Filter>Engine\Component\Collider</Filter>
    </ClInclude>
    <ClInclude Include="EffectInfo.h">
      <Filter>Engine\Component\Effect</Filter>
    </ClInclude>
    <ClInclude Include="resource.h">
      <Filter>Icon</Filter>
    </ClInclude>
    <ClInclude Include="CircleCollider.h">
      <Filter>Engine\Component\Collider\Circle</Filter>
    </ClInclude>
    <ClInclude Include="RigidBody.h">
      <Filter>Engine\Component\RigidBody</Filter>
    </ClInclude>
    <ClInclude Include="SoundManager.h">
      <Filter>Engine\System\System\Asset</Filter>
    </ClInclude>
    <ClInclude Include="UI.h">
      <Filter>Engine\Component\UI</Filter>
    </ClInclude>
    <ClInclude Include="player.h">
      <Filter>Game\Entity\player</Filter>
    </ClInclude>
    <ClInclude Include="MoveState.h">
      <Filter>Game\Entity\player\moveState</Filter>
    </ClInclude>
    <ClInclude Include="Stage.h">
      <Filter>Game\Scenes\Stage</Filter>
    </ClInclude>
    <ClInclude Include="Stage1.h">
      <Filter>Game\Scenes\Stage1</Filter>
    </ClInclude>
    <ClInclude Include="IBlock.h">
      <Filter>Game\Entity\Blocks\IBlock</Filter>
    </ClInclude>
    <ClInclude Include="block.h">
      <Filter>Game\Entity\Blocks\Block\block</Filter>
    </ClInclude>
    <ClInclude Include="moveableBlock.h">
      <Filter>Game\Entity\Blocks\Block\moveableBlock</Filter>
    </ClInclude>
    <ClInclude Include="movingBlock.h">
      <Filter>Game\Entity\Blocks\Block\movingBlock</Filter>
    </ClInclude>
    <ClInclude Include="foothold.h">
      <Filter>Game\Entity\Blocks\Block\switchs\foothold</Filter>
    </ClInclude>
    <ClInclude Include="switchs.h">
      <Filter>Game\Entity\Blocks\Block\switchs</Filter>
    </ClInclude>
    <ClInclude Include="door.h">
      <Filter>Game\Entity\Blocks\Block\door</Filter>
    </ClInclude>
    <ClInclude Include="lever.h">
      <Filter>Game\Entity\Blocks\Block\switchs\lever</Filter>
    </ClInclude>
    <ClInclude Include="jumper.h">
      <Filter>Game\Entity\Blocks\Block\jumper</Filter>
    </ClInclude>
    <ClInclude Include="fan.h">
      <Filter>Game\Entity\Blocks\Block\fan</Filter>
    </ClInclude>
    <ClInclude Include="button.h">
      <Filter>Game\Entity\Blocks\Block\switchs\button</Filter>
    </ClInclude>
    <ClInclude Include="portal.h">
      <Filter>Game\Entity\Blocks\Block\portal</Filter>
    </ClInclude>
    <ClInclude Include="wind.h">
      <Filter>Game\Entity\Particles\wind</Filter>
    </ClInclude>
    <ClInclude Include="Particle.h">
      <Filter>Engine\Component\Particle</Filter>
    </ClInclude>
    <ClInclude Include="blue.h">
      <Filter>Game\Entity\blue</Filter>
    </ClInclude>
    <ClInclude Include="End.h">
      <Filter>Game\Scenes\End</Filter>
    </ClInclude>
    <ClInclude Include="breakedBlock.h">
      <Filter>Game\Entity\Particles\breakedBlock</Filter>
    </ClInclude>
    <ClInclude Include="Stage2.h">
      <Filter>Game\Scenes\Stage2</Filter>
    </ClInclude>
    <ClInclude Include="Stage3.h">
      <Filter>Game\Scenes\Stage3</Filter>
    </ClInclude>
    <ClInclude Include="Stage4.h">
      <Filter>Game\Scenes\Stage4</Filter>
    </ClInclude>
    <ClInclude Include="StartButton.h">
      <Filter>Game\UIs\StartButton</Filter>
    </ClInclude>
    <ClInclude Include="EndButton.h">
      <Filter>Game\UIs\EndButton</Filter>
    </ClInclude>
    <ClInclude Include="Mainmenu.h">
      <Filter>Game\Scenes\Mainmenu</Filter>
    </ClInclude>
    <ClInclude Include="Intro.h">
      <Filter>Game\Scenes\Intro</Filter>
    </ClInclude>
    <ClInclude Include="emblemParticle.h">
      <Filter>Game\Entity\Particles\emblemParticle</Filter>
    </ClInclude>
  </ItemGroup>
  <ItemGroup>
    <Filter Include="Engine">
      <UniqueIdentifier>{f06d8fc4-c627-4e8f-aae3-0d925ee49c38}</UniqueIdentifier>
    </Filter>
    <Filter Include="Engine\Math">
      <UniqueIdentifier>{4420cf82-13ee-4806-8e22-3f8ba8cfb47f}</UniqueIdentifier>
    </Filter>
    <Filter Include="Engine\Component">
      <UniqueIdentifier>{38ad276a-f263-4ff1-ad32-a188bcc69fb5}</UniqueIdentifier>
    </Filter>
    <Filter Include="Engine\Component\Renderer">
      <UniqueIdentifier>{5d179ce9-38e8-420d-8472-75ba496b52f0}</UniqueIdentifier>
    </Filter>
    <Filter Include="Engine\Component\Renderer\SpriteRenderer">
      <UniqueIdentifier>{4e16443e-b84f-44d1-8cf6-8283e7a2edab}</UniqueIdentifier>
    </Filter>
    <Filter Include="Engine\Component\Renderer\TextRenderer">
      <UniqueIdentifier>{70b2e495-433e-42ab-99b6-487116853dac}</UniqueIdentifier>
    </Filter>
    <Filter Include="Engine\Component\Renderer\AnimationRenderer">
      <UniqueIdentifier>{d58bd903-fab1-44ca-9ae1-d1d3c9388419}</UniqueIdentifier>
    </Filter>
    <Filter Include="Engine\Component\Collider">
      <UniqueIdentifier>{8ac42191-9a18-4833-8820-8249dbd85693}</UniqueIdentifier>
    </Filter>
    <Filter Include="Engine\Component\Collider\AABB">
      <UniqueIdentifier>{2e57633c-ed04-4c66-b9f9-490826976945}</UniqueIdentifier>
    </Filter>
    <Filter Include="Engine\Scene">
      <UniqueIdentifier>{c95e6dfc-e6d0-4edb-849e-f84826a05942}</UniqueIdentifier>
    </Filter>
    <Filter Include="Engine\Scene\Scene">
      <UniqueIdentifier>{4e13ba42-0322-49fb-9dd1-b88cd920a162}</UniqueIdentifier>
    </Filter>
    <Filter Include="Engine\System">
      <UniqueIdentifier>{0f94f067-c7da-4c57-bee8-4be7e7660a0a}</UniqueIdentifier>
    </Filter>
    <Filter Include="Engine\System\System">
      <UniqueIdentifier>{2d8f1963-8e1f-4b64-9a10-2efa7bbf6862}</UniqueIdentifier>
    </Filter>
    <Filter Include="Engine\System\System\Asset">
      <UniqueIdentifier>{66f2c18b-89d7-4026-9465-c88258ae783b}</UniqueIdentifier>
    </Filter>
    <Filter Include="Engine\System\System\Graphics">
      <UniqueIdentifier>{20809bab-38f4-4c8e-8bf0-246a550d8fad}</UniqueIdentifier>
    </Filter>
    <Filter Include="Engine\System\System\Input">
      <UniqueIdentifier>{65edea9f-66e4-4dc0-a485-d466575cd45d}</UniqueIdentifier>
    </Filter>
    <Filter Include="Engine\System\System\SceneManager">
      <UniqueIdentifier>{1fe4cbe1-b91e-49fc-9607-c0907a313896}</UniqueIdentifier>
    </Filter>
    <Filter Include="Engine\System\System\Settings">
      <UniqueIdentifier>{554c31a4-4103-4247-b9bb-d50ffe06a99e}</UniqueIdentifier>
    </Filter>
    <Filter Include="Engine\System\System\Window">
      <UniqueIdentifier>{35ca1078-0e59-46e6-8e22-9e47d0bbb087}</UniqueIdentifier>
    </Filter>
    <Filter Include="Engine\System\App">
      <UniqueIdentifier>{4f16e77a-4370-4a18-b69d-df67cb2c166d}</UniqueIdentifier>
    </Filter>
    <Filter Include="Engine\Entity">
      <UniqueIdentifier>{4da6e712-6a28-48ee-9818-efe42b79392a}</UniqueIdentifier>
    </Filter>
    <Filter Include="Engine\Singleton">
      <UniqueIdentifier>{9193aef1-d198-440c-a549-83c82ca2bd6d}</UniqueIdentifier>
    </Filter>
    <Filter Include="Engine\_ProgramEntry">
      <UniqueIdentifier>{f01420fe-c19c-4fc2-a722-54f65506ea0b}</UniqueIdentifier>
    </Filter>
    <Filter Include="Engine\_PCH">
      <UniqueIdentifier>{d3510cef-8bc8-4e05-af45-ab10db87001c}</UniqueIdentifier>
    </Filter>
    <Filter Include="Engine\System\System\Timer">
      <UniqueIdentifier>{975d2cd6-c01e-4b97-9e44-422bd4ffead5}</UniqueIdentifier>
    </Filter>
    <Filter Include="Engine\_Prefabricated">
      <UniqueIdentifier>{e80b6378-847d-4af6-8a92-b00194272e93}</UniqueIdentifier>
    </Filter>
    <Filter Include="Engine\Component\Effect">
      <UniqueIdentifier>{9b5d6795-e845-4978-b3af-c0af84776949}</UniqueIdentifier>
    </Filter>
    <Filter Include="Engine\_Prefabricated\Unused">
      <UniqueIdentifier>{c8ac19bc-b2e4-4eed-87a3-745ab8847d02}</UniqueIdentifier>
    </Filter>
    <Filter Include="Icon">
      <UniqueIdentifier>{83ff5122-4baf-4dde-a8a2-ca18b36efcab}</UniqueIdentifier>
    </Filter>
    <Filter Include="Engine\Component\Collider\Circle">
      <UniqueIdentifier>{d3c67614-941e-4c57-ae33-0256494d6cf2}</UniqueIdentifier>
    </Filter>
    <Filter Include="Engine\Component\RigidBody">
      <UniqueIdentifier>{126aefe8-4273-4569-aeda-373714969646}</UniqueIdentifier>
    </Filter>
    <Filter Include="Engine\Scene\Camera">
      <UniqueIdentifier>{00f7875c-95c6-4a6b-9d4b-89f511c2a788}</UniqueIdentifier>
    </Filter>
    <Filter Include="Game">
      <UniqueIdentifier>{010b3607-8af2-401e-b103-e2960ee3fcc2}</UniqueIdentifier>
    </Filter>
    <Filter Include="Game\Entity">
      <UniqueIdentifier>{b0f39c7d-3732-4154-9dfe-63e37bd4d14b}</UniqueIdentifier>
    </Filter>
    <Filter Include="Engine\Component\UI">
      <UniqueIdentifier>{b46f1ebe-b55a-4b48-af90-db283400273b}</UniqueIdentifier>
    </Filter>
    <Filter Include="Game\Entity\player">
      <UniqueIdentifier>{1931db85-dff7-49af-9363-96fb73657260}</UniqueIdentifier>
    </Filter>
    <Filter Include="Game\Entity\player\moveState">
      <UniqueIdentifier>{19dd10cf-3e78-4d99-9f25-d4d0e8ad87d6}</UniqueIdentifier>
    </Filter>
    <Filter Include="Game\Scenes">
      <UniqueIdentifier>{a550aeef-4d27-409b-8418-949c65987354}</UniqueIdentifier>
    </Filter>
    <Filter Include="Game\Scenes\Stage1">
      <UniqueIdentifier>{800b34e7-9fe1-4983-8268-b9e22e186479}</UniqueIdentifier>
    </Filter>
    <Filter Include="Game\Entity\Blocks">
      <UniqueIdentifier>{addabbe4-a71d-4d7b-a68f-d12bd206c175}</UniqueIdentifier>
    </Filter>
    <Filter Include="Game\Entity\Blocks\IBlock">
      <UniqueIdentifier>{85f4f650-186f-443a-82ce-d90f7e1a1a30}</UniqueIdentifier>
    </Filter>
    <Filter Include="Game\Entity\Blocks\Block">
      <UniqueIdentifier>{3ae93a42-af85-4384-a529-07b86ec75492}</UniqueIdentifier>
    </Filter>
    <Filter Include="Game\Entity\Blocks\Block\block">
      <UniqueIdentifier>{5123a647-65a5-4481-be9d-e37c385c93af}</UniqueIdentifier>
    </Filter>
    <Filter Include="Game\Entity\Blocks\Block\moveableBlock">
      <UniqueIdentifier>{4253d91f-5878-46f0-9af6-d0123e513355}</UniqueIdentifier>
    </Filter>
    <Filter Include="Game\Entity\Blocks\Block\door">
      <UniqueIdentifier>{59c1248a-a833-4d24-b454-3a0239d24ef5}</UniqueIdentifier>
    </Filter>
    <Filter Include="Game\Entity\Blocks\Block\movingBlock">
      <UniqueIdentifier>{c0f55977-835b-4d04-821e-ff69ee5bce6c}</UniqueIdentifier>
    </Filter>
    <Filter Include="Game\Entity\Blocks\Block\switchs">
      <UniqueIdentifier>{532947c0-1949-4cc2-bd54-00c6c79f644e}</UniqueIdentifier>
    </Filter>
    <Filter Include="Game\Entity\Blocks\Block\switchs\foothold">
      <UniqueIdentifier>{77ef7424-92b8-4edd-a00f-8b10d34da8ae}</UniqueIdentifier>
    </Filter>
    <Filter Include="Game\Entity\Blocks\Block\switchs\lever">
      <UniqueIdentifier>{81cb691a-365d-4bef-a35e-41610852e1d3}</UniqueIdentifier>
    </Filter>
    <Filter Include="Game\Entity\Blocks\Block\jumper">
      <UniqueIdentifier>{7a7142f9-1387-4270-a475-da3e6b20bbb1}</UniqueIdentifier>
    </Filter>
    <Filter Include="Game\Entity\Blocks\Block\fan">
      <UniqueIdentifier>{b5a1a3ac-b6cf-4eff-90ee-4c21b27181f0}</UniqueIdentifier>
    </Filter>
    <Filter Include="Game\Entity\Blocks\Block\switchs\button">
      <UniqueIdentifier>{ff835030-32ad-4935-8ea0-4c3e737f588d}</UniqueIdentifier>
    </Filter>
    <Filter Include="Game\Entity\Blocks\Block\portal">
      <UniqueIdentifier>{f20022e9-82b0-4bfc-8b18-a5205be3e763}</UniqueIdentifier>
    </Filter>
    <Filter Include="Game\Entity\Particles">
      <UniqueIdentifier>{78c67b9c-ca31-4d09-84e0-be7f3014e879}</UniqueIdentifier>
    </Filter>
    <Filter Include="Game\Entity\Particles\wind">
      <UniqueIdentifier>{1a5694f6-9579-43d9-931f-bb1deaf7b3e8}</UniqueIdentifier>
    </Filter>
    <Filter Include="Engine\Component\Particle">
      <UniqueIdentifier>{c75f7a65-4a1c-4a35-8d92-f80ad3aa0169}</UniqueIdentifier>
    </Filter>
    <Filter Include="Game\Entity\blue">
      <UniqueIdentifier>{93248c01-d26c-4599-9c8e-ae62eeab781a}</UniqueIdentifier>
    </Filter>
    <Filter Include="Engine\Listener">
      <UniqueIdentifier>{ec6a92ed-0f0a-4981-ae42-9842ce81366e}</UniqueIdentifier>
    </Filter>
    <Filter Include="Game\Scenes\End">
      <UniqueIdentifier>{ee81368b-cb69-4dab-bf6a-08a6f90fe3fb}</UniqueIdentifier>
    </Filter>
    <Filter Include="Game\Entity\Particles\breakedBlock">
      <UniqueIdentifier>{056fb015-47b0-4d9c-b517-0cca8da3f41e}</UniqueIdentifier>
    </Filter>
    <Filter Include="Game\Scenes\Stage">
      <UniqueIdentifier>{df743188-fbab-42d6-ba06-6432c1194cff}</UniqueIdentifier>
    </Filter>
    <Filter Include="Game\Scenes\Stage2">
      <UniqueIdentifier>{26263586-ef36-4b6a-baf2-92e48b2d2fbc}</UniqueIdentifier>
    </Filter>
    <Filter Include="Game\Scenes\Stage3">
      <UniqueIdentifier>{88517f2a-e985-400b-8242-6325c1ed9d69}</UniqueIdentifier>
    </Filter>
    <Filter Include="Game\Scenes\Stage4">
      <UniqueIdentifier>{3fc3f2af-90a8-47d8-9a62-369addcd2d3a}</UniqueIdentifier>
    </Filter>
    <Filter Include="Game\Scenes\Mainmenu">
      <UniqueIdentifier>{fa36ca6f-c85e-4de4-a749-06be449d24cb}</UniqueIdentifier>
    </Filter>
    <Filter Include="Game\UIs">
      <UniqueIdentifier>{3dc28170-17c1-414f-a137-2e10f02c71d6}</UniqueIdentifier>
    </Filter>
    <Filter Include="Game\UIs\StartButton">
      <UniqueIdentifier>{0ce08584-84ce-4c93-bcd5-07aae054f57f}</UniqueIdentifier>
    </Filter>
    <Filter Include="Game\UIs\EndButton">
      <UniqueIdentifier>{8f4e5c8e-487d-4284-831e-af5d9c0207b7}</UniqueIdentifier>
    </Filter>
    <Filter Include="Game\Scenes\Intro">
      <UniqueIdentifier>{725a5039-f492-4370-8c1e-ea86defe148c}</UniqueIdentifier>
    </Filter>
    <Filter Include="Game\Entity\Particles\emblemParticle">
      <UniqueIdentifier>{3dea813f-de1d-428f-9945-17d0d007d14f}</UniqueIdentifier>
    </Filter>
  </ItemGroup>
  <ItemGroup>
    <ResourceCompile Include="Resource.rc">
      <Filter>Icon</Filter>
    </ResourceCompile>
  </ItemGroup>
  <ItemGroup>
    <Image Include="logoex.ico">
      <Filter>Icon</Filter>
    </Image>
  </ItemGroup>
</Project>